
Microsoft Visual Studio Solution File, Format Version 12.00
# Visual Studio 15
VisualStudioVersion = 15.0.28010.2041
MinimumVisualStudioVersion = 10.0.40219.1
Project("{00D1A9C2-B5F0-4AF3-8072-F6C62B433612}") = "Hackathon_dev", "Hackathon_dev\Hackathon_dev.sqlproj", "{5725AA42-CC46-495B-AE9C-06BC7ED1933B}"
EndProject
Project("{FAE04EC0-301F-11D3-BF4B-00C04F79EFBC}") = "projectLinker", "projectLinker\projectLinker.csproj", "{9A3BC588-9548-4EBA-86D3-74BECAE407F3}"
EndProject
Project("{00D1A9C2-B5F0-4AF3-8072-F6C62B433612}") = "DatabaseOperations", "DatabaseOperations\DatabaseOperations.sqlproj", "{3B14A915-62EC-4D61-8720-11962B601A89}"
EndProject
Global
	GlobalSection(SolutionConfigurationPlatforms) = preSolution
		Debug|Any CPU = Debug|Any CPU
		Release|Any CPU = Release|Any CPU
	EndGlobalSection
	GlobalSection(ProjectConfigurationPlatforms) = postSolution
		{5725AA42-CC46-495B-AE9C-06BC7ED1933B}.Debug|Any CPU.ActiveCfg = Debug|Any CPU
		{5725AA42-CC46-495B-AE9C-06BC7ED1933B}.Debug|Any CPU.Build.0 = Debug|Any CPU
		{5725AA42-CC46-495B-AE9C-06BC7ED1933B}.Debug|Any CPU.Deploy.0 = Debug|Any CPU
		{5725AA42-CC46-495B-AE9C-06BC7ED1933B}.Release|Any CPU.ActiveCfg = Release|Any CPU
		{5725AA42-CC46-495B-AE9C-06BC7ED1933B}.Release|Any CPU.Build.0 = Release|Any CPU
		{5725AA42-CC46-495B-AE9C-06BC7ED1933B}.Release|Any CPU.Deploy.0 = Release|Any CPU
		{9A3BC588-9548-4EBA-86D3-74BECAE407F3}.Debug|Any CPU.ActiveCfg = Debug|Any CPU
		{9A3BC588-9548-4EBA-86D3-74BECAE407F3}.Debug|Any CPU.Build.0 = Debug|Any CPU
		{9A3BC588-9548-4EBA-86D3-74BECAE407F3}.Release|Any CPU.ActiveCfg = Release|Any CPU
		{9A3BC588-9548-4EBA-86D3-74BECAE407F3}.Release|Any CPU.Build.0 = Release|Any CPU
		{3B14A915-62EC-4D61-8720-11962B601A89}.Debug|Any CPU.ActiveCfg = Debug|Any CPU
		{3B14A915-62EC-4D61-8720-11962B601A89}.Debug|Any CPU.Build.0 = Debug|Any CPU
		{3B14A915-62EC-4D61-8720-11962B601A89}.Debug|Any CPU.Deploy.0 = Debug|Any CPU
		{3B14A915-62EC-4D61-8720-11962B601A89}.Release|Any CPU.ActiveCfg = Release|Any CPU
		{3B14A915-62EC-4D61-8720-11962B601A89}.Release|Any CPU.Build.0 = Release|Any CPU
		{3B14A915-62EC-4D61-8720-11962B601A89}.Release|Any CPU.Deploy.0 = Release|Any CPU
	EndGlobalSection
	GlobalSection(SolutionProperties) = preSolution
		HideSolutionNode = FALSE
	EndGlobalSection
	GlobalSection(ExtensibilityGlobals) = postSolution
		SolutionGuid = {67073218-F0A0-4499-9529-2DE6446FE109}
	EndGlobalSection
EndGlobal
